
Microsoft Visual Studio Solution File, Format Version 12.00
# Visual Studio 15
VisualStudioVersion = 15.0.28307.421
MinimumVisualStudioVersion = 10.0.40219.1
Project("{FAE04EC0-301F-11D3-BF4B-00C04F79EFBC}") = "AssistMeProject", "AssistMeProject\AssistMeProject.csproj", "{E8014C74-C462-4449-8BE0-B1309850C38A}"
EndProject
Global
	GlobalSection(SolutionConfigurationPlatforms) = preSolution
		Debug|Any CPU = Debug|Any CPU
		Release|Any CPU = Release|Any CPU
	EndGlobalSection
	GlobalSection(ProjectConfigurationPlatforms) = postSolution
		{E8014C74-C462-4449-8BE0-B1309850C38A}.Debug|Any CPU.ActiveCfg = Debug|Any CPU
		{E8014C74-C462-4449-8BE0-B1309850C38A}.Debug|Any CPU.Build.0 = Debug|Any CPU
		{E8014C74-C462-4449-8BE0-B1309850C38A}.Release|Any CPU.ActiveCfg = Release|Any CPU
		{E8014C74-C462-4449-8BE0-B1309850C38A}.Release|Any CPU.Build.0 = Release|Any CPU
	EndGlobalSection
	GlobalSection(SolutionProperties) = preSolution
		HideSolutionNode = FALSE
	EndGlobalSection
	GlobalSection(ExtensibilityGlobals) = postSolution
		SolutionGuid = {044FC1DE-6881-4395-84E5-AE33CBB9E628}
	EndGlobalSection
EndGlobal
